// !$*UTF8*$!
{
	archiveVersion = 1;
	classes = {
	};
	objectVersion = 56;
	objects = {

/* Begin PBXBuildFile section */
		3D1A9A332AD348CA007A34DB /* SignUpViewController.swift in Sources */ = {isa = PBXBuildFile; fileRef = 3D1A9A322AD348CA007A34DB /* SignUpViewController.swift */; };
		3D1A9A352AD348EF007A34DB /* ResetPasswordViewController.swift in Sources */ = {isa = PBXBuildFile; fileRef = 3D1A9A342AD348EF007A34DB /* ResetPasswordViewController.swift */; };
		3D1A9A372AD34911007A34DB /* VerifyEmailViewController.swift in Sources */ = {isa = PBXBuildFile; fileRef = 3D1A9A362AD34911007A34DB /* VerifyEmailViewController.swift */; };
		3DBB4C782AD08C7B00B5ED8D /* AppDelegate.swift in Sources */ = {isa = PBXBuildFile; fileRef = 3DBB4C772AD08C7B00B5ED8D /* AppDelegate.swift */; };
		3DBB4C7A2AD08C7B00B5ED8D /* SceneDelegate.swift in Sources */ = {isa = PBXBuildFile; fileRef = 3DBB4C792AD08C7B00B5ED8D /* SceneDelegate.swift */; };
		3DBB4C7C2AD08C7B00B5ED8D /* ViewController.swift in Sources */ = {isa = PBXBuildFile; fileRef = 3DBB4C7B2AD08C7B00B5ED8D /* ViewController.swift */; };
		3DBB4C7F2AD08C7B00B5ED8D /* Main.storyboard in Resources */ = {isa = PBXBuildFile; fileRef = 3DBB4C7D2AD08C7B00B5ED8D /* Main.storyboard */; };
		3DBB4C812AD08C7C00B5ED8D /* Assets.xcassets in Resources */ = {isa = PBXBuildFile; fileRef = 3DBB4C802AD08C7C00B5ED8D /* Assets.xcassets */; };
		3DBB4C842AD08C7C00B5ED8D /* LaunchScreen.storyboard in Resources */ = {isa = PBXBuildFile; fileRef = 3DBB4C822AD08C7C00B5ED8D /* LaunchScreen.storyboard */; };
/* End PBXBuildFile section */

/* Begin PBXFileReference section */
		3D1A9A322AD348CA007A34DB /* SignUpViewController.swift */ = {isa = PBXFileReference; lastKnownFileType = sourcecode.swift; path = SignUpViewController.swift; sourceTree = "<group>"; };
		3D1A9A342AD348EF007A34DB /* ResetPasswordViewController.swift */ = {isa = PBXFileReference; lastKnownFileType = sourcecode.swift; path = ResetPasswordViewController.swift; sourceTree = "<group>"; };
		3D1A9A362AD34911007A34DB /* VerifyEmailViewController.swift */ = {isa = PBXFileReference; lastKnownFileType = sourcecode.swift; path = VerifyEmailViewController.swift; sourceTree = "<group>"; };
		3DBB4C742AD08C7B00B5ED8D /* RentEasy.app */ = {isa = PBXFileReference; explicitFileType = wrapper.application; includeInIndex = 0; path = RentEasy.app; sourceTree = BUILT_PRODUCTS_DIR; };
		3DBB4C772AD08C7B00B5ED8D /* AppDelegate.swift */ = {isa = PBXFileReference; lastKnownFileType = sourcecode.swift; path = AppDelegate.swift; sourceTree = "<group>"; };
		3DBB4C792AD08C7B00B5ED8D /* SceneDelegate.swift */ = {isa = PBXFileReference; lastKnownFileType = sourcecode.swift; path = SceneDelegate.swift; sourceTree = "<group>"; };
		3DBB4C7B2AD08C7B00B5ED8D /* ViewController.swift */ = {isa = PBXFileReference; lastKnownFileType = sourcecode.swift; path = ViewController.swift; sourceTree = "<group>"; };
		3DBB4C7E2AD08C7B00B5ED8D /* Base */ = {isa = PBXFileReference; lastKnownFileType = file.storyboard; name = Base; path = Base.lproj/Main.storyboard; sourceTree = "<group>"; };
		3DBB4C802AD08C7C00B5ED8D /* Assets.xcassets */ = {isa = PBXFileReference; lastKnownFileType = folder.assetcatalog; path = Assets.xcassets; sourceTree = "<group>"; };
		3DBB4C832AD08C7C00B5ED8D /* Base */ = {isa = PBXFileReference; lastKnownFileType = file.storyboard; name = Base; path = Base.lproj/LaunchScreen.storyboard; sourceTree = "<group>"; };
		3DBB4C852AD08C7C00B5ED8D /* Info.plist */ = {isa = PBXFileReference; lastKnownFileType = text.plist.xml; path = Info.plist; sourceTree = "<group>"; };
/* End PBXFileReference section */

/* Begin PBXFrameworksBuildPhase section */
		3DBB4C712AD08C7B00B5ED8D /* Frameworks */ = {
			isa = PBXFrameworksBuildPhase;
			buildActionMask = 2147483647;
			files = (
			);
			runOnlyForDeploymentPostprocessing = 0;
		};
/* End PBXFrameworksBuildPhase section */

/* Begin PBXGroup section */
		3D1A9A2E2AD30F72007A34DB /* Model */ = {
			isa = PBXGroup;
			children = (
			);
			name = Model;
			sourceTree = "<group>";
		};
		3D1A9A302AD30FEB007A34DB /* Views */ = {
			isa = PBXGroup;
			children = (
				3DBB4C7D2AD08C7B00B5ED8D /* Main.storyboard */,
			);
			name = Views;
			sourceTree = "<group>";
		};
		3D1A9A312AD3104C007A34DB /* Controllers */ = {
			isa = PBXGroup;
			children = (
				3DBB4C7B2AD08C7B00B5ED8D /* ViewController.swift */,
				3D1A9A322AD348CA007A34DB /* SignUpViewController.swift */,
				3D1A9A342AD348EF007A34DB /* ResetPasswordViewController.swift */,
				3D1A9A362AD34911007A34DB /* VerifyEmailViewController.swift */,
			);
			name = Controllers;
			sourceTree = "<group>";
		};
		3DBB4C6B2AD08C7B00B5ED8D = {
			isa = PBXGroup;
			children = (
				3DBB4C762AD08C7B00B5ED8D /* RentEasy */,
				3DBB4C752AD08C7B00B5ED8D /* Products */,
			);
			sourceTree = "<group>";
		};
		3DBB4C752AD08C7B00B5ED8D /* Products */ = {
			isa = PBXGroup;
			children = (
				3DBB4C742AD08C7B00B5ED8D /* RentEasy.app */,
			);
			name = Products;
			sourceTree = "<group>";
		};
		3DBB4C762AD08C7B00B5ED8D /* RentEasy */ = {
			isa = PBXGroup;
			children = (
				3DBB4C772AD08C7B00B5ED8D /* AppDelegate.swift */,
				3DBB4C792AD08C7B00B5ED8D /* SceneDelegate.swift */,
				3D1A9A2E2AD30F72007A34DB /* Model */,
				3D1A9A302AD30FEB007A34DB /* Views */,
				3D1A9A312AD3104C007A34DB /* Controllers */,
				3DBB4C802AD08C7C00B5ED8D /* Assets.xcassets */,
				3DBB4C822AD08C7C00B5ED8D /* LaunchScreen.storyboard */,
				3DBB4C852AD08C7C00B5ED8D /* Info.plist */,
			);
			path = RentEasy;
			sourceTree = "<group>";
		};
/* End PBXGroup section */

/* Begin PBXNativeTarget section */
		3DBB4C732AD08C7B00B5ED8D /* RentEasy */ = {
			isa = PBXNativeTarget;
			buildConfigurationList = 3DBB4C882AD08C7C00B5ED8D /* Build configuration list for PBXNativeTarget "RentEasy" */;
			buildPhases = (
				3DBB4C702AD08C7B00B5ED8D /* Sources */,
				3DBB4C712AD08C7B00B5ED8D /* Frameworks */,
				3DBB4C722AD08C7B00B5ED8D /* Resources */,
			);
			buildRules = (
			);
			dependencies = (
			);
			name = RentEasy;
			productName = RentEasy;
			productReference = 3DBB4C742AD08C7B00B5ED8D /* RentEasy.app */;
			productType = "com.apple.product-type.application";
		};
/* End PBXNativeTarget section */

/* Begin PBXProject section */
		3DBB4C6C2AD08C7B00B5ED8D /* Project object */ = {
			isa = PBXProject;
			attributes = {
				BuildIndependentTargetsInParallel = 1;
				LastSwiftUpdateCheck = 1430;
				LastUpgradeCheck = 1430;
				TargetAttributes = {
					3DBB4C732AD08C7B00B5ED8D = {
						CreatedOnToolsVersion = 14.3.1;
					};
				};
			};
			buildConfigurationList = 3DBB4C6F2AD08C7B00B5ED8D /* Build configuration list for PBXProject "RentEasy" */;
			compatibilityVersion = "Xcode 14.0";
			developmentRegion = en;
			hasScannedForEncodings = 0;
			knownRegions = (
				en,
				Base,
			);
			mainGroup = 3DBB4C6B2AD08C7B00B5ED8D;
			productRefGroup = 3DBB4C752AD08C7B00B5ED8D /* Products */;
			projectDirPath = "";
			projectRoot = "";
			targets = (
				3DBB4C732AD08C7B00B5ED8D /* RentEasy */,
			);
		};
/* End PBXProject section */

/* Begin PBXResourcesBuildPhase section */
		3DBB4C722AD08C7B00B5ED8D /* Resources */ = {
			isa = PBXResourcesBuildPhase;
			buildActionMask = 2147483647;
			files = (
				3DBB4C842AD08C7C00B5ED8D /* LaunchScreen.storyboard in Resources */,
				3DBB4C812AD08C7C00B5ED8D /* Assets.xcassets in Resources */,
				3DBB4C7F2AD08C7B00B5ED8D /* Main.storyboard in Resources */,
			);
			runOnlyForDeploymentPostprocessing = 0;
		};
/* End PBXResourcesBuildPhase section */

/* Begin PBXSourcesBuildPhase section */
		3DBB4C702AD08C7B00B5ED8D /* Sources */ = {
			isa = PBXSourcesBuildPhase;
			buildActionMask = 2147483647;
			files = (
				3DBB4C7C2AD08C7B00B5ED8D /* ViewController.swift in Sources */,
				3DBB4C782AD08C7B00B5ED8D /* AppDelegate.swift in Sources */,
				3D1A9A352AD348EF007A34DB /* ResetPasswordViewController.swift in Sources */,
				3D1A9A332AD348CA007A34DB /* SignUpViewController.swift in Sources */,
				3D1A9A372AD34911007A34DB /* VerifyEmailViewController.swift in Sources */,
				3DBB4C7A2AD08C7B00B5ED8D /* SceneDelegate.swift in Sources */,
			);
			runOnlyForDeploymentPostprocessing = 0;
		};
/* End PBXSourcesBuildPhase section */

/* Begin PBXVariantGroup section */
		3DBB4C7D2AD08C7B00B5ED8D /* Main.storyboard */ = {
			isa = PBXVariantGroup;
			children = (
				3DBB4C7E2AD08C7B00B5ED8D /* Base */,
			);
			name = Main.storyboard;
			sourceTree = "<group>";
		};
		3DBB4C822AD08C7C00B5ED8D /* LaunchScreen.storyboard */ = {
			isa = PBXVariantGroup;
			children = (
				3DBB4C832AD08C7C00B5ED8D /* Base */,
			);
			name = LaunchScreen.storyboard;
			sourceTree = "<group>";
		};
/* End PBXVariantGroup section */

/* Begin XCBuildConfiguration section */
		3DBB4C862AD08C7C00B5ED8D /* Debug */ = {
			isa = XCBuildConfiguration;
			buildSettings = {
				ALWAYS_SEARCH_USER_PATHS = NO;
				CLANG_ANALYZER_NONNULL = YES;
				CLANG_ANALYZER_NUMBER_OBJECT_CONVERSION = YES_AGGRESSIVE;
				CLANG_CXX_LANGUAGE_STANDARD = "gnu++20";
				CLANG_ENABLE_MODULES = YES;
				CLANG_ENABLE_OBJC_ARC = YES;
				CLANG_ENABLE_OBJC_WEAK = YES;
				CLANG_WARN_BLOCK_CAPTURE_AUTORELEASING = YES;
				CLANG_WARN_BOOL_CONVERSION = YES;
				CLANG_WARN_COMMA = YES;
				CLANG_WARN_CONSTANT_CONVERSION = YES;
				CLANG_WARN_DEPRECATED_OBJC_IMPLEMENTATIONS = YES;
				CLANG_WARN_DIRECT_OBJC_ISA_USAGE = YES_ERROR;
				CLANG_WARN_DOCUMENTATION_COMMENTS = YES;
				CLANG_WARN_EMPTY_BODY = YES;
				CLANG_WARN_ENUM_CONVERSION = YES;
				CLANG_WARN_INFINITE_RECURSION = YES;
				CLANG_WARN_INT_CONVERSION = YES;
				CLANG_WARN_NON_LITERAL_NULL_CONVERSION = YES;
				CLANG_WARN_OBJC_IMPLICIT_RETAIN_SELF = YES;
				CLANG_WARN_OBJC_LITERAL_CONVERSION = YES;
				CLANG_WARN_OBJC_ROOT_CLASS = YES_ERROR;
				CLANG_WARN_QUOTED_INCLUDE_IN_FRAMEWORK_HEADER = YES;
				CLANG_WARN_RANGE_LOOP_ANALYSIS = YES;
				CLANG_WARN_STRICT_PROTOTYPES = YES;
				CLANG_WARN_SUSPICIOUS_MOVE = YES;
				CLANG_WARN_UNGUARDED_AVAILABILITY = YES_AGGRESSIVE;
				CLANG_WARN_UNREACHABLE_CODE = YES;
				CLANG_WARN__DUPLICATE_METHOD_MATCH = YES;
				COPY_PHASE_STRIP = NO;
				DEBUG_INFORMATION_FORMAT = dwarf;
				ENABLE_STRICT_OBJC_MSGSEND = YES;
				ENABLE_TESTABILITY = YES;
				GCC_C_LANGUAGE_STANDARD = gnu11;
				GCC_DYNAMIC_NO_PIC = NO;
				GCC_NO_COMMON_BLOCKS = YES;
				GCC_OPTIMIZATION_LEVEL = 0;
				GCC_PREPROCESSOR_DEFINITIONS = (
					"DEBUG=1",
					"$(inherited)",
				);
				GCC_WARN_64_TO_32_BIT_CONVERSION = YES;
				GCC_WARN_ABOUT_RETURN_TYPE = YES_ERROR;
				GCC_WARN_UNDECLARED_SELECTOR = YES;
				GCC_WARN_UNINITIALIZED_AUTOS = YES_AGGRESSIVE;
				GCC_WARN_UNUSED_FUNCTION = YES;
				GCC_WARN_UNUSED_VARIABLE = YES;
				IPHONEOS_DEPLOYMENT_TARGET = 16.4;
				MTL_ENABLE_DEBUG_INFO = INCLUDE_SOURCE;
				MTL_FAST_MATH = YES;
				ONLY_ACTIVE_ARCH = YES;
				SDKROOT = iphoneos;
				SWIFT_ACTIVE_COMPILATION_CONDITIONS = DEBUG;
				SWIFT_OPTIMIZATION_LEVEL = "-Onone";
			};
			name = Debug;
		};
		3DBB4C872AD08C7C00B5ED8D /* Release */ = {
			isa = XCBuildConfiguration;
			buildSettings = {
				ALWAYS_SEARCH_USER_PATHS = NO;
				CLANG_ANALYZER_NONNULL = YES;
				CLANG_ANALYZER_NUMBER_OBJECT_CONVERSION = YES_AGGRESSIVE;
				CLANG_CXX_LANGUAGE_STANDARD = "gnu++20";
				CLANG_ENABLE_MODULES = YES;
				CLANG_ENABLE_OBJC_ARC = YES;
				CLANG_ENABLE_OBJC_WEAK = YES;
				CLANG_WARN_BLOCK_CAPTURE_AUTORELEASING = YES;
				CLANG_WARN_BOOL_CONVERSION = YES;
				CLANG_WARN_COMMA = YES;
				CLANG_WARN_CONSTANT_CONVERSION = YES;
				CLANG_WARN_DEPRECATED_OBJC_IMPLEMENTATIONS = YES;
				CLANG_WARN_DIRECT_OBJC_ISA_USAGE = YES_ERROR;
				CLANG_WARN_DOCUMENTATION_COMMENTS = YES;
				CLANG_WARN_EMPTY_BODY = YES;
				CLANG_WARN_ENUM_CONVERSION = YES;
				CLANG_WARN_INFINITE_RECURSION = YES;
				CLANG_WARN_INT_CONVERSION = YES;
				CLANG_WARN_NON_LITERAL_NULL_CONVERSION = YES;
				CLANG_WARN_OBJC_IMPLICIT_RETAIN_SELF = YES;
				CLANG_WARN_OBJC_LITERAL_CONVERSION = YES;
				CLANG_WARN_OBJC_ROOT_CLASS = YES_ERROR;
				CLANG_WARN_QUOTED_INCLUDE_IN_FRAMEWORK_HEADER = YES;
				CLANG_WARN_RANGE_LOOP_ANALYSIS = YES;
				CLANG_WARN_STRICT_PROTOTYPES = YES;
				CLANG_WARN_SUSPICIOUS_MOVE = YES;
				CLANG_WARN_UNGUARDED_AVAILABILITY = YES_AGGRESSIVE;
				CLANG_WARN_UNREACHABLE_CODE = YES;
				CLANG_WARN__DUPLICATE_METHOD_MATCH = YES;
				COPY_PHASE_STRIP = NO;
				DEBUG_INFORMATION_FORMAT = "dwarf-with-dsym";
				ENABLE_NS_ASSERTIONS = NO;
				ENABLE_STRICT_OBJC_MSGSEND = YES;
				GCC_C_LANGUAGE_STANDARD = gnu11;
				GCC_NO_COMMON_BLOCKS = YES;
				GCC_WARN_64_TO_32_BIT_CONVERSION = YES;
				GCC_WARN_ABOUT_RETURN_TYPE = YES_ERROR;
				GCC_WARN_UNDECLARED_SELECTOR = YES;
				GCC_WARN_UNINITIALIZED_AUTOS = YES_AGGRESSIVE;
				GCC_WARN_UNUSED_FUNCTION = YES;
				GCC_WARN_UNUSED_VARIABLE = YES;
				IPHONEOS_DEPLOYMENT_TARGET = 16.4;
				MTL_ENABLE_DEBUG_INFO = NO;
				MTL_FAST_MATH = YES;
				SDKROOT = iphoneos;
				SWIFT_COMPILATION_MODE = wholemodule;
				SWIFT_OPTIMIZATION_LEVEL = "-O";
				VALIDATE_PRODUCT = YES;
			};
			name = Release;
		};
		3DBB4C892AD08C7C00B5ED8D /* Debug */ = {
			isa = XCBuildConfiguration;
			buildSettings = {
				ASSETCATALOG_COMPILER_APPICON_NAME = AppIcon;
				ASSETCATALOG_COMPILER_GLOBAL_ACCENT_COLOR_NAME = AccentColor;
				CODE_SIGN_STYLE = Automatic;
				CURRENT_PROJECT_VERSION = 1;
				GENERATE_INFOPLIST_FILE = YES;
				INFOPLIST_FILE = RentEasy/Info.plist;
				INFOPLIST_KEY_UIApplicationSupportsIndirectInputEvents = YES;
				INFOPLIST_KEY_UILaunchStoryboardName = LaunchScreen;
				INFOPLIST_KEY_UIMainStoryboardFile = Main;
				INFOPLIST_KEY_UISupportedInterfaceOrientations_iPad = "UIInterfaceOrientationPortrait UIInterfaceOrientationPortraitUpsideDown UIInterfaceOrientationLandscapeLeft UIInterfaceOrientationLandscapeRight";
				INFOPLIST_KEY_UISupportedInterfaceOrientations_iPhone = "UIInterfaceOrientationPortrait UIInterfaceOrientationLandscapeLeft UIInterfaceOrientationLandscapeRight";
				LD_RUNPATH_SEARCH_PATHS = (
					"$(inherited)",
					"@executable_path/Frameworks",
				);
				MARKETING_VERSION = 1.0;
				PRODUCT_BUNDLE_IDENTIFIER = codesomps.RentEasy;
				PRODUCT_NAME = "$(TARGET_NAME)";
				SWIFT_EMIT_LOC_STRINGS = YES;
				SWIFT_VERSION = 5.0;
				TARGETED_DEVICE_FAMILY = "1,2";
			};
			name = Debug;
		};
		3DBB4C8A2AD08C7C00B5ED8D /* Release */ = {
			isa = XCBuildConfiguration;
			buildSettings = {
				ASSETCATALOG_COMPILER_APPICON_NAME = AppIcon;
				ASSETCATALOG_COMPILER_GLOBAL_ACCENT_COLOR_NAME = AccentColor;
				CODE_SIGN_STYLE = Automatic;
				CURRENT_PROJECT_VERSION = 1;
				GENERATE_INFOPLIST_FILE = YES;
				INFOPLIST_FILE = RentEasy/Info.plist;
				INFOPLIST_KEY_UIApplicationSupportsIndirectInputEvents = YES;
				INFOPLIST_KEY_UILaunchStoryboardName = LaunchScreen;
				INFOPLIST_KEY_UIMainStoryboardFile = Main;
				INFOPLIST_KEY_UISupportedInterfaceOrientations_iPad = "UIInterfaceOrientationPortrait UIInterfaceOrientationPortraitUpsideDown UIInterfaceOrientationLandscapeLeft UIInterfaceOrientationLandscapeRight";
				INFOPLIST_KEY_UISupportedInterfaceOrientations_iPhone = "UIInterfaceOrientationPortrait UIInterfaceOrientationLandscapeLeft UIInterfaceOrientationLandscapeRight";
				LD_RUNPATH_SEARCH_PATHS = (
					"$(inherited)",
					"@executable_path/Frameworks",
				);
				MARKETING_VERSION = 1.0;
				PRODUCT_BUNDLE_IDENTIFIER = codesomps.RentEasy;
				PRODUCT_NAME = "$(TARGET_NAME)";
				SWIFT_EMIT_LOC_STRINGS = YES;
				SWIFT_VERSION = 5.0;
				TARGETED_DEVICE_FAMILY = "1,2";
			};
			name = Release;
		};
/* End XCBuildConfiguration section */

/* Begin XCConfigurationList section */
		3DBB4C6F2AD08C7B00B5ED8D /* Build configuration list for PBXProject "RentEasy" */ = {
			isa = XCConfigurationList;
			buildConfigurations = (
				3DBB4C862AD08C7C00B5ED8D /* Debug */,
				3DBB4C872AD08C7C00B5ED8D /* Release */,
			);
			defaultConfigurationIsVisible = 0;
			defaultConfigurationName = Release;
		};
		3DBB4C882AD08C7C00B5ED8D /* Build configuration list for PBXNativeTarget "RentEasy" */ = {
			isa = XCConfigurationList;
			buildConfigurations = (
				3DBB4C892AD08C7C00B5ED8D /* Debug */,
				3DBB4C8A2AD08C7C00B5ED8D /* Release */,
			);
			defaultConfigurationIsVisible = 0;
			defaultConfigurationName = Release;
		};
/* End XCConfigurationList section */
	};
	rootObject = 3DBB4C6C2AD08C7B00B5ED8D /* Project object */;
}
